
Microsoft Visual Studio Solution File, Format Version 12.00
# Visual Studio Version 16
VisualStudioVersion = 16.0.30611.23
MinimumVisualStudioVersion = 10.0.40219.1
Project("{FAE04EC0-301F-11D3-BF4B-00C04F79EFBC}") = "Api", "Api\Api.csproj", "{D9CDAE66-F0DA-4A46-9443-DECD158C7F76}"
EndProject
Global
	GlobalSection(SolutionConfigurationPlatforms) = preSolution
		Debug|Any CPU = Debug|Any CPU
		Release|Any CPU = Release|Any CPU
	EndGlobalSection
	GlobalSection(ProjectConfigurationPlatforms) = postSolution
		{D9CDAE66-F0DA-4A46-9443-DECD158C7F76}.Debug|Any CPU.ActiveCfg = Debug|Any CPU
		{D9CDAE66-F0DA-4A46-9443-DECD158C7F76}.Debug|Any CPU.Build.0 = Debug|Any CPU
		{D9CDAE66-F0DA-4A46-9443-DECD158C7F76}.Release|Any CPU.ActiveCfg = Release|Any CPU
		{D9CDAE66-F0DA-4A46-9443-DECD158C7F76}.Release|Any CPU.Build.0 = Release|Any CPU
	EndGlobalSection
	GlobalSection(SolutionProperties) = preSolution
		HideSolutionNode = FALSE
	EndGlobalSection
	GlobalSection(ExtensibilityGlobals) = postSolution
		SolutionGuid = {93080FD6-5A14-40AF-9098-0EAFF8CBAC4F}
	EndGlobalSection
EndGlobal
